// !$*UTF8*$!
{
	archiveVersion = 1;
	classes = {
	};
	objectVersion = 46;
	objects = {

/* Begin PBXBuildFile section */
		2A1E0C601919F0F300EA4DBC /* MPSelectionTableViewController.m in Sources */ = {isa = PBXBuildFile; fileRef = 2A1E0C5F1919F0F300EA4DBC /* MPSelectionTableViewController.m */; };
		2A66D2F01921A43B00920F77 /* SimpleAddition.m in Sources */ = {isa = PBXBuildFile; fileRef = 2A66D2EF1921A43B00920F77 /* SimpleAddition.m */; };
		2AA460E6191A3EB4004A24A0 /* MPQuestionViewController.m in Sources */ = {isa = PBXBuildFile; fileRef = 2AA460DF191A3EB4004A24A0 /* MPQuestionViewController.m */; };
		2AA460E7191A3EB4004A24A0 /* MultiplayerViewController.m in Sources */ = {isa = PBXBuildFile; fileRef = 2AA460E1191A3EB4004A24A0 /* MultiplayerViewController.m */; };
		2AA460E8191A3EB4004A24A0 /* SPQuestionViewController.m in Sources */ = {isa = PBXBuildFile; fileRef = 2AA460E3191A3EB4004A24A0 /* SPQuestionViewController.m */; };
		2AA460E9191A3EB4004A24A0 /* TopicSelectionTableViewController.m in Sources */ = {isa = PBXBuildFile; fileRef = 2AA460E5191A3EB4004A24A0 /* TopicSelectionTableViewController.m */; };
		96BB93D51914DB5300C1033C /* Foundation.framework in Frameworks */ = {isa = PBXBuildFile; fileRef = 96BB93D41914DB5300C1033C /* Foundation.framework */; };
		96BB93D71914DB5300C1033C /* CoreGraphics.framework in Frameworks */ = {isa = PBXBuildFile; fileRef = 96BB93D61914DB5300C1033C /* CoreGraphics.framework */; };
		96BB93D91914DB5300C1033C /* UIKit.framework in Frameworks */ = {isa = PBXBuildFile; fileRef = 96BB93D81914DB5300C1033C /* UIKit.framework */; };
		96BB93DF1914DB5300C1033C /* InfoPlist.strings in Resources */ = {isa = PBXBuildFile; fileRef = 96BB93DD1914DB5300C1033C /* InfoPlist.strings */; };
		96BB93E11914DB5300C1033C /* main.m in Sources */ = {isa = PBXBuildFile; fileRef = 96BB93E01914DB5300C1033C /* main.m */; };
		96BB93E51914DB5300C1033C /* QuizAppDelegate.m in Sources */ = {isa = PBXBuildFile; fileRef = 96BB93E41914DB5300C1033C /* QuizAppDelegate.m */; };
		96BB93E81914DB5300C1033C /* Main_iPhone.storyboard in Resources */ = {isa = PBXBuildFile; fileRef = 96BB93E61914DB5300C1033C /* Main_iPhone.storyboard */; };
		96BB93EB1914DB5300C1033C /* Main_iPad.storyboard in Resources */ = {isa = PBXBuildFile; fileRef = 96BB93E91914DB5300C1033C /* Main_iPad.storyboard */; };
		96BB93EE1914DB5300C1033C /* MainMenuViewController.m in Sources */ = {isa = PBXBuildFile; fileRef = 96BB93ED1914DB5300C1033C /* MainMenuViewController.m */; };
		96BB93F01914DB5300C1033C /* Images.xcassets in Resources */ = {isa = PBXBuildFile; fileRef = 96BB93EF1914DB5300C1033C /* Images.xcassets */; };
		96BB93F71914DB5300C1033C /* XCTest.framework in Frameworks */ = {isa = PBXBuildFile; fileRef = 96BB93F61914DB5300C1033C /* XCTest.framework */; };
		96BB93F81914DB5300C1033C /* Foundation.framework in Frameworks */ = {isa = PBXBuildFile; fileRef = 96BB93D41914DB5300C1033C /* Foundation.framework */; };
		96BB93F91914DB5300C1033C /* UIKit.framework in Frameworks */ = {isa = PBXBuildFile; fileRef = 96BB93D81914DB5300C1033C /* UIKit.framework */; };
		96BB94011914DB5300C1033C /* InfoPlist.strings in Resources */ = {isa = PBXBuildFile; fileRef = 96BB93FF1914DB5300C1033C /* InfoPlist.strings */; };
		96BB94031914DB5300C1033C /* quizzyTests.m in Sources */ = {isa = PBXBuildFile; fileRef = 96BB94021914DB5300C1033C /* quizzyTests.m */; };
		96BB940E19153F7300C1033C /* DemoTopic.m in Sources */ = {isa = PBXBuildFile; fileRef = 96BB940D19153F7300C1033C /* DemoTopic.m */; };
		96BB94131915405B00C1033C /* Topic.m in Sources */ = {isa = PBXBuildFile; fileRef = 96BB94121915405B00C1033C /* Topic.m */; };
		96BB94161915416A00C1033C /* Question.m in Sources */ = {isa = PBXBuildFile; fileRef = 96BB94151915416A00C1033C /* Question.m */; };
		96BB941A1915424F00C1033C /* Statistic.m in Sources */ = {isa = PBXBuildFile; fileRef = 96BB94191915424F00C1033C /* Statistic.m */; };
		96BB941E1915F6BA00C1033C /* TopicViewController.m in Sources */ = {isa = PBXBuildFile; fileRef = 96BB941D1915F6BA00C1033C /* TopicViewController.m */; };
		96BB94271915F74100C1033C /* SummaryViewController.m in Sources */ = {isa = PBXBuildFile; fileRef = 96BB94261915F74100C1033C /* SummaryViewController.m */; };
		96BB942D191661CE00C1033C /* TopicStatisticsView.m in Sources */ = {isa = PBXBuildFile; fileRef = 96BB942C191661CE00C1033C /* TopicStatisticsView.m */; };
/* End PBXBuildFile section */

/* Begin PBXContainerItemProxy section */
		96BB93FA1914DB5300C1033C /* PBXContainerItemProxy */ = {
			isa = PBXContainerItemProxy;
			containerPortal = 96BB93C91914DB5300C1033C /* Project object */;
			proxyType = 1;
			remoteGlobalIDString = 96BB93D01914DB5300C1033C;
			remoteInfo = quizzy;
		};
/* End PBXContainerItemProxy section */

/* Begin PBXFileReference section */
		2A1E0C5E1919F0F300EA4DBC /* MPSelectionTableViewController.h */ = {isa = PBXFileReference; fileEncoding = 4; lastKnownFileType = sourcecode.c.h; path = MPSelectionTableViewController.h; sourceTree = "<group>"; };
		2A1E0C5F1919F0F300EA4DBC /* MPSelectionTableViewController.m */ = {isa = PBXFileReference; fileEncoding = 4; lastKnownFileType = sourcecode.c.objc; path = MPSelectionTableViewController.m; sourceTree = "<group>"; };
		2A66D2EE1921A43B00920F77 /* SimpleAddition.h */ = {isa = PBXFileReference; fileEncoding = 4; lastKnownFileType = sourcecode.c.h; path = SimpleAddition.h; sourceTree = "<group>"; };
		2A66D2EF1921A43B00920F77 /* SimpleAddition.m */ = {isa = PBXFileReference; fileEncoding = 4; lastKnownFileType = sourcecode.c.objc; path = SimpleAddition.m; sourceTree = "<group>"; };
		2AA460DE191A3EB4004A24A0 /* MPQuestionViewController.h */ = {isa = PBXFileReference; fileEncoding = 4; lastKnownFileType = sourcecode.c.h; path = MPQuestionViewController.h; sourceTree = "<group>"; };
		2AA460DF191A3EB4004A24A0 /* MPQuestionViewController.m */ = {isa = PBXFileReference; fileEncoding = 4; lastKnownFileType = sourcecode.c.objc; path = MPQuestionViewController.m; sourceTree = "<group>"; };
		2AA460E0191A3EB4004A24A0 /* MultiplayerViewController.h */ = {isa = PBXFileReference; fileEncoding = 4; lastKnownFileType = sourcecode.c.h; path = MultiplayerViewController.h; sourceTree = "<group>"; };
		2AA460E1191A3EB4004A24A0 /* MultiplayerViewController.m */ = {isa = PBXFileReference; fileEncoding = 4; lastKnownFileType = sourcecode.c.objc; path = MultiplayerViewController.m; sourceTree = "<group>"; };
		2AA460E2191A3EB4004A24A0 /* SPQuestionViewController.h */ = {isa = PBXFileReference; fileEncoding = 4; lastKnownFileType = sourcecode.c.h; path = SPQuestionViewController.h; sourceTree = "<group>"; };
		2AA460E3191A3EB4004A24A0 /* SPQuestionViewController.m */ = {isa = PBXFileReference; fileEncoding = 4; lastKnownFileType = sourcecode.c.objc; path = SPQuestionViewController.m; sourceTree = "<group>"; };
		2AA460E4191A3EB4004A24A0 /* TopicSelectionTableViewController.h */ = {isa = PBXFileReference; fileEncoding = 4; lastKnownFileType = sourcecode.c.h; path = TopicSelectionTableViewController.h; sourceTree = "<group>"; };
		2AA460E5191A3EB4004A24A0 /* TopicSelectionTableViewController.m */ = {isa = PBXFileReference; fileEncoding = 4; lastKnownFileType = sourcecode.c.objc; path = TopicSelectionTableViewController.m; sourceTree = "<group>"; };
		96BB93D11914DB5300C1033C /* quizzy.app */ = {isa = PBXFileReference; explicitFileType = wrapper.application; includeInIndex = 0; path = quizzy.app; sourceTree = BUILT_PRODUCTS_DIR; };
		96BB93D41914DB5300C1033C /* Foundation.framework */ = {isa = PBXFileReference; lastKnownFileType = wrapper.framework; name = Foundation.framework; path = System/Library/Frameworks/Foundation.framework; sourceTree = SDKROOT; };
		96BB93D61914DB5300C1033C /* CoreGraphics.framework */ = {isa = PBXFileReference; lastKnownFileType = wrapper.framework; name = CoreGraphics.framework; path = System/Library/Frameworks/CoreGraphics.framework; sourceTree = SDKROOT; };
		96BB93D81914DB5300C1033C /* UIKit.framework */ = {isa = PBXFileReference; lastKnownFileType = wrapper.framework; name = UIKit.framework; path = System/Library/Frameworks/UIKit.framework; sourceTree = SDKROOT; };
		96BB93DC1914DB5300C1033C /* quizzy-Info.plist */ = {isa = PBXFileReference; lastKnownFileType = text.plist.xml; path = "quizzy-Info.plist"; sourceTree = "<group>"; };
		96BB93DE1914DB5300C1033C /* en */ = {isa = PBXFileReference; lastKnownFileType = text.plist.strings; name = en; path = en.lproj/InfoPlist.strings; sourceTree = "<group>"; };
		96BB93E01914DB5300C1033C /* main.m */ = {isa = PBXFileReference; lastKnownFileType = sourcecode.c.objc; path = main.m; sourceTree = "<group>"; };
		96BB93E21914DB5300C1033C /* quizzy-Prefix.pch */ = {isa = PBXFileReference; lastKnownFileType = sourcecode.c.h; path = "quizzy-Prefix.pch"; sourceTree = "<group>"; };
		96BB93E31914DB5300C1033C /* QuizAppDelegate.h */ = {isa = PBXFileReference; lastKnownFileType = sourcecode.c.h; path = QuizAppDelegate.h; sourceTree = "<group>"; };
		96BB93E41914DB5300C1033C /* QuizAppDelegate.m */ = {isa = PBXFileReference; lastKnownFileType = sourcecode.c.objc; path = QuizAppDelegate.m; sourceTree = "<group>"; };
		96BB93E71914DB5300C1033C /* Base */ = {isa = PBXFileReference; lastKnownFileType = file.storyboard; name = Base; path = Base.lproj/Main_iPhone.storyboard; sourceTree = "<group>"; };
		96BB93EA1914DB5300C1033C /* Base */ = {isa = PBXFileReference; lastKnownFileType = file.storyboard; name = Base; path = Base.lproj/Main_iPad.storyboard; sourceTree = "<group>"; };
		96BB93EC1914DB5300C1033C /* MainMenuViewController.h */ = {isa = PBXFileReference; lastKnownFileType = sourcecode.c.h; path = MainMenuViewController.h; sourceTree = "<group>"; };
		96BB93ED1914DB5300C1033C /* MainMenuViewController.m */ = {isa = PBXFileReference; lastKnownFileType = sourcecode.c.objc; path = MainMenuViewController.m; sourceTree = "<group>"; };
		96BB93EF1914DB5300C1033C /* Images.xcassets */ = {isa = PBXFileReference; lastKnownFileType = folder.assetcatalog; path = Images.xcassets; sourceTree = "<group>"; };
		96BB93F51914DB5300C1033C /* quizzyTests.xctest */ = {isa = PBXFileReference; explicitFileType = wrapper.cfbundle; includeInIndex = 0; path = quizzyTests.xctest; sourceTree = BUILT_PRODUCTS_DIR; };
		96BB93F61914DB5300C1033C /* XCTest.framework */ = {isa = PBXFileReference; lastKnownFileType = wrapper.framework; name = XCTest.framework; path = Library/Frameworks/XCTest.framework; sourceTree = DEVELOPER_DIR; };
		96BB93FE1914DB5300C1033C /* quizzyTests-Info.plist */ = {isa = PBXFileReference; lastKnownFileType = text.plist.xml; path = "quizzyTests-Info.plist"; sourceTree = "<group>"; };
		96BB94001914DB5300C1033C /* en */ = {isa = PBXFileReference; lastKnownFileType = text.plist.strings; name = en; path = en.lproj/InfoPlist.strings; sourceTree = "<group>"; };
		96BB94021914DB5300C1033C /* quizzyTests.m */ = {isa = PBXFileReference; lastKnownFileType = sourcecode.c.objc; path = quizzyTests.m; sourceTree = "<group>"; };
		96BB940C19153F7300C1033C /* DemoTopic.h */ = {isa = PBXFileReference; fileEncoding = 4; lastKnownFileType = sourcecode.c.h; path = DemoTopic.h; sourceTree = "<group>"; };
		96BB940D19153F7300C1033C /* DemoTopic.m */ = {isa = PBXFileReference; fileEncoding = 4; lastKnownFileType = sourcecode.c.objc; path = DemoTopic.m; sourceTree = "<group>"; };
		96BB94111915405B00C1033C /* Topic.h */ = {isa = PBXFileReference; fileEncoding = 4; lastKnownFileType = sourcecode.c.h; path = Topic.h; sourceTree = "<group>"; };
		96BB94121915405B00C1033C /* Topic.m */ = {isa = PBXFileReference; fileEncoding = 4; lastKnownFileType = sourcecode.c.objc; path = Topic.m; sourceTree = "<group>"; };
		96BB94141915416A00C1033C /* Question.h */ = {isa = PBXFileReference; fileEncoding = 4; lastKnownFileType = sourcecode.c.h; path = Question.h; sourceTree = "<group>"; };
		96BB94151915416A00C1033C /* Question.m */ = {isa = PBXFileReference; fileEncoding = 4; lastKnownFileType = sourcecode.c.objc; path = Question.m; sourceTree = "<group>"; };
		96BB94181915424F00C1033C /* Statistic.h */ = {isa = PBXFileReference; fileEncoding = 4; lastKnownFileType = sourcecode.c.h; path = Statistic.h; sourceTree = "<group>"; };
		96BB94191915424F00C1033C /* Statistic.m */ = {isa = PBXFileReference; fileEncoding = 4; lastKnownFileType = sourcecode.c.objc; path = Statistic.m; sourceTree = "<group>"; };
		96BB941C1915F6BA00C1033C /* TopicViewController.h */ = {isa = PBXFileReference; fileEncoding = 4; lastKnownFileType = sourcecode.c.h; path = TopicViewController.h; sourceTree = "<group>"; };
		96BB941D1915F6BA00C1033C /* TopicViewController.m */ = {isa = PBXFileReference; fileEncoding = 4; lastKnownFileType = sourcecode.c.objc; path = TopicViewController.m; sourceTree = "<group>"; };
		96BB94251915F74100C1033C /* SummaryViewController.h */ = {isa = PBXFileReference; fileEncoding = 4; lastKnownFileType = sourcecode.c.h; path = SummaryViewController.h; sourceTree = "<group>"; };
		96BB94261915F74100C1033C /* SummaryViewController.m */ = {isa = PBXFileReference; fileEncoding = 4; lastKnownFileType = sourcecode.c.objc; path = SummaryViewController.m; sourceTree = "<group>"; };
		96BB942B191661CE00C1033C /* TopicStatisticsView.h */ = {isa = PBXFileReference; fileEncoding = 4; lastKnownFileType = sourcecode.c.h; path = TopicStatisticsView.h; sourceTree = "<group>"; };
		96BB942C191661CE00C1033C /* TopicStatisticsView.m */ = {isa = PBXFileReference; fileEncoding = 4; lastKnownFileType = sourcecode.c.objc; path = TopicStatisticsView.m; sourceTree = "<group>"; };
/* End PBXFileReference section */

/* Begin PBXFrameworksBuildPhase section */
		96BB93CE1914DB5300C1033C /* Frameworks */ = {
			isa = PBXFrameworksBuildPhase;
			buildActionMask = 2147483647;
			files = (
				96BB93D71914DB5300C1033C /* CoreGraphics.framework in Frameworks */,
				96BB93D91914DB5300C1033C /* UIKit.framework in Frameworks */,
				96BB93D51914DB5300C1033C /* Foundation.framework in Frameworks */,
			);
			runOnlyForDeploymentPostprocessing = 0;
		};
		96BB93F21914DB5300C1033C /* Frameworks */ = {
			isa = PBXFrameworksBuildPhase;
			buildActionMask = 2147483647;
			files = (
				96BB93F71914DB5300C1033C /* XCTest.framework in Frameworks */,
				96BB93F91914DB5300C1033C /* UIKit.framework in Frameworks */,
				96BB93F81914DB5300C1033C /* Foundation.framework in Frameworks */,
			);
			runOnlyForDeploymentPostprocessing = 0;
		};
/* End PBXFrameworksBuildPhase section */

/* Begin PBXGroup section */
		2AA460EA191A3EDA004A24A0 /* Quiz */ = {
			isa = PBXGroup;
			children = (
				2AA460DE191A3EB4004A24A0 /* MPQuestionViewController.h */,
				2AA460DF191A3EB4004A24A0 /* MPQuestionViewController.m */,
				2AA460E2191A3EB4004A24A0 /* SPQuestionViewController.h */,
				2AA460E3191A3EB4004A24A0 /* SPQuestionViewController.m */,
				2A1E0C5E1919F0F300EA4DBC /* MPSelectionTableViewController.h */,
				2A1E0C5F1919F0F300EA4DBC /* MPSelectionTableViewController.m */,
				96BB94251915F74100C1033C /* SummaryViewController.h */,
				96BB94261915F74100C1033C /* SummaryViewController.m */,
			);
			name = Quiz;
			sourceTree = "<group>";
		};
		96BB93C81914DB5200C1033C = {
			isa = PBXGroup;
			children = (
				96BB93DA1914DB5300C1033C /* quizzy */,
				96BB93FC1914DB5300C1033C /* quizzyTests */,
				96BB93D31914DB5300C1033C /* Frameworks */,
				96BB93D21914DB5300C1033C /* Products */,
			);
			sourceTree = "<group>";
		};
		96BB93D21914DB5300C1033C /* Products */ = {
			isa = PBXGroup;
			children = (
				96BB93D11914DB5300C1033C /* quizzy.app */,
				96BB93F51914DB5300C1033C /* quizzyTests.xctest */,
			);
			name = Products;
			sourceTree = "<group>";
		};
		96BB93D31914DB5300C1033C /* Frameworks */ = {
			isa = PBXGroup;
			children = (
				96BB93D41914DB5300C1033C /* Foundation.framework */,
				96BB93D61914DB5300C1033C /* CoreGraphics.framework */,
				96BB93D81914DB5300C1033C /* UIKit.framework */,
				96BB93F61914DB5300C1033C /* XCTest.framework */,
			);
			name = Frameworks;
			sourceTree = "<group>";
		};
		96BB93DA1914DB5300C1033C /* quizzy */ = {
			isa = PBXGroup;
			children = (
				96BB93E31914DB5300C1033C /* QuizAppDelegate.h */,
				96BB93E41914DB5300C1033C /* QuizAppDelegate.m */,
				96BB93E61914DB5300C1033C /* Main_iPhone.storyboard */,
				96BB93E91914DB5300C1033C /* Main_iPad.storyboard */,
				96BB941B1915688100C1033C /* Views */,
				96BB94171915423A00C1033C /* Core Stuff */,
				96BB941019153FC200C1033C /* Topics */,
				96BB93EF1914DB5300C1033C /* Images.xcassets */,
				96BB93DB1914DB5300C1033C /* Supporting Files */,
			);
			path = quizzy;
			sourceTree = "<group>";
		};
		96BB93DB1914DB5300C1033C /* Supporting Files */ = {
			isa = PBXGroup;
			children = (
				96BB93DC1914DB5300C1033C /* quizzy-Info.plist */,
				96BB93DD1914DB5300C1033C /* InfoPlist.strings */,
				96BB93E01914DB5300C1033C /* main.m */,
				96BB93E21914DB5300C1033C /* quizzy-Prefix.pch */,
			);
			name = "Supporting Files";
			sourceTree = "<group>";
		};
		96BB93FC1914DB5300C1033C /* quizzyTests */ = {
			isa = PBXGroup;
			children = (
				96BB94021914DB5300C1033C /* quizzyTests.m */,
				96BB93FD1914DB5300C1033C /* Supporting Files */,
			);
			path = quizzyTests;
			sourceTree = "<group>";
		};
		96BB93FD1914DB5300C1033C /* Supporting Files */ = {
			isa = PBXGroup;
			children = (
				96BB93FE1914DB5300C1033C /* quizzyTests-Info.plist */,
				96BB93FF1914DB5300C1033C /* InfoPlist.strings */,
			);
			name = "Supporting Files";
			sourceTree = "<group>";
		};
		96BB941019153FC200C1033C /* Topics */ = {
			isa = PBXGroup;
			children = (
				96BB940C19153F7300C1033C /* DemoTopic.h */,
				96BB940D19153F7300C1033C /* DemoTopic.m */,
				2A66D2EE1921A43B00920F77 /* SimpleAddition.h */,
				2A66D2EF1921A43B00920F77 /* SimpleAddition.m */,
			);
			name = Topics;
			sourceTree = "<group>";
		};
		96BB94171915423A00C1033C /* Core Stuff */ = {
			isa = PBXGroup;
			children = (
				96BB94111915405B00C1033C /* Topic.h */,
				96BB94121915405B00C1033C /* Topic.m */,
				96BB94141915416A00C1033C /* Question.h */,
				96BB94151915416A00C1033C /* Question.m */,
				96BB94181915424F00C1033C /* Statistic.h */,
				96BB94191915424F00C1033C /* Statistic.m */,
			);
			name = "Core Stuff";
			sourceTree = "<group>";
		};
		96BB941B1915688100C1033C /* Views */ = {
			isa = PBXGroup;
			children = (
				2AA460EA191A3EDA004A24A0 /* Quiz */,
				2AA460E0191A3EB4004A24A0 /* MultiplayerViewController.h */,
				2AA460E1191A3EB4004A24A0 /* MultiplayerViewController.m */,
				2AA460E4191A3EB4004A24A0 /* TopicSelectionTableViewController.h */,
				2AA460E5191A3EB4004A24A0 /* TopicSelectionTableViewController.m */,
				96BB93EC1914DB5300C1033C /* MainMenuViewController.h */,
				96BB93ED1914DB5300C1033C /* MainMenuViewController.m */,
				96BB941C1915F6BA00C1033C /* TopicViewController.h */,
				96BB941D1915F6BA00C1033C /* TopicViewController.m */,
				96BB942B191661CE00C1033C /* TopicStatisticsView.h */,
				96BB942C191661CE00C1033C /* TopicStatisticsView.m */,
			);
			name = Views;
			sourceTree = "<group>";
		};
/* End PBXGroup section */

/* Begin PBXNativeTarget section */
		96BB93D01914DB5300C1033C /* quizzy */ = {
			isa = PBXNativeTarget;
			buildConfigurationList = 96BB94061914DB5300C1033C /* Build configuration list for PBXNativeTarget "quizzy" */;
			buildPhases = (
				96BB93CD1914DB5300C1033C /* Sources */,
				96BB93CE1914DB5300C1033C /* Frameworks */,
				96BB93CF1914DB5300C1033C /* Resources */,
			);
			buildRules = (
			);
			dependencies = (
			);
			name = quizzy;
			productName = quizzy;
			productReference = 96BB93D11914DB5300C1033C /* quizzy.app */;
			productType = "com.apple.product-type.application";
		};
		96BB93F41914DB5300C1033C /* quizzyTests */ = {
			isa = PBXNativeTarget;
			buildConfigurationList = 96BB94091914DB5300C1033C /* Build configuration list for PBXNativeTarget "quizzyTests" */;
			buildPhases = (
				96BB93F11914DB5300C1033C /* Sources */,
				96BB93F21914DB5300C1033C /* Frameworks */,
				96BB93F31914DB5300C1033C /* Resources */,
			);
			buildRules = (
			);
			dependencies = (
				96BB93FB1914DB5300C1033C /* PBXTargetDependency */,
			);
			name = quizzyTests;
			productName = quizzyTests;
			productReference = 96BB93F51914DB5300C1033C /* quizzyTests.xctest */;
			productType = "com.apple.product-type.bundle.unit-test";
		};
/* End PBXNativeTarget section */

/* Begin PBXProject section */
		96BB93C91914DB5300C1033C /* Project object */ = {
			isa = PBXProject;
			attributes = {
				CLASSPREFIX = Quiz;
				LastUpgradeCheck = 0500;
				ORGANIZATIONNAME = "Jason Chu";
				TargetAttributes = {
					96BB93F41914DB5300C1033C = {
						TestTargetID = 96BB93D01914DB5300C1033C;
					};
				};
			};
			buildConfigurationList = 96BB93CC1914DB5300C1033C /* Build configuration list for PBXProject "quizzy" */;
			compatibilityVersion = "Xcode 3.2";
			developmentRegion = English;
			hasScannedForEncodings = 0;
			knownRegions = (
				en,
				Base,
			);
			mainGroup = 96BB93C81914DB5200C1033C;
			productRefGroup = 96BB93D21914DB5300C1033C /* Products */;
			projectDirPath = "";
			projectRoot = "";
			targets = (
				96BB93D01914DB5300C1033C /* quizzy */,
				96BB93F41914DB5300C1033C /* quizzyTests */,
			);
		};
/* End PBXProject section */

/* Begin PBXResourcesBuildPhase section */
		96BB93CF1914DB5300C1033C /* Resources */ = {
			isa = PBXResourcesBuildPhase;
			buildActionMask = 2147483647;
			files = (
				96BB93EB1914DB5300C1033C /* Main_iPad.storyboard in Resources */,
				96BB93F01914DB5300C1033C /* Images.xcassets in Resources */,
				96BB93E81914DB5300C1033C /* Main_iPhone.storyboard in Resources */,
				96BB93DF1914DB5300C1033C /* InfoPlist.strings in Resources */,
			);
			runOnlyForDeploymentPostprocessing = 0;
		};
		96BB93F31914DB5300C1033C /* Resources */ = {
			isa = PBXResourcesBuildPhase;
			buildActionMask = 2147483647;
			files = (
				96BB94011914DB5300C1033C /* InfoPlist.strings in Resources */,
			);
			runOnlyForDeploymentPostprocessing = 0;
		};
/* End PBXResourcesBuildPhase section */

/* Begin PBXSourcesBuildPhase section */
		96BB93CD1914DB5300C1033C /* Sources */ = {
			isa = PBXSourcesBuildPhase;
			buildActionMask = 2147483647;
			files = (
				96BB93E11914DB5300C1033C /* main.m in Sources */,
				96BB93E51914DB5300C1033C /* QuizAppDelegate.m in Sources */,
				2A1E0C601919F0F300EA4DBC /* MPSelectionTableViewController.m in Sources */,
				96BB940E19153F7300C1033C /* DemoTopic.m in Sources */,
				2AA460E9191A3EB4004A24A0 /* TopicSelectionTableViewController.m in Sources */,
				96BB942D191661CE00C1033C /* TopicStatisticsView.m in Sources */,
				96BB941A1915424F00C1033C /* Statistic.m in Sources */,
				96BB94161915416A00C1033C /* Question.m in Sources */,
				96BB94131915405B00C1033C /* Topic.m in Sources */,
				96BB94271915F74100C1033C /* SummaryViewController.m in Sources */,
				96BB941E1915F6BA00C1033C /* TopicViewController.m in Sources */,
				96BB93EE1914DB5300C1033C /* MainMenuViewController.m in Sources */,
				2A66D2F01921A43B00920F77 /* SimpleAddition.m in Sources */,
				2AA460E7191A3EB4004A24A0 /* MultiplayerViewController.m in Sources */,
				2AA460E6191A3EB4004A24A0 /* MPQuestionViewController.m in Sources */,
				2AA460E8191A3EB4004A24A0 /* SPQuestionViewController.m in Sources */,
			);
			runOnlyForDeploymentPostprocessing = 0;
		};
		96BB93F11914DB5300C1033C /* Sources */ = {
			isa = PBXSourcesBuildPhase;
			buildActionMask = 2147483647;
			files = (
				96BB94031914DB5300C1033C /* quizzyTests.m in Sources */,
			);
			runOnlyForDeploymentPostprocessing = 0;
		};
/* End PBXSourcesBuildPhase section */

/* Begin PBXTargetDependency section */
		96BB93FB1914DB5300C1033C /* PBXTargetDependency */ = {
			isa = PBXTargetDependency;
			target = 96BB93D01914DB5300C1033C /* quizzy */;
			targetProxy = 96BB93FA1914DB5300C1033C /* PBXContainerItemProxy */;
		};
/* End PBXTargetDependency section */

/* Begin PBXVariantGroup section */
		96BB93DD1914DB5300C1033C /* InfoPlist.strings */ = {
			isa = PBXVariantGroup;
			children = (
				96BB93DE1914DB5300C1033C /* en */,
			);
			name = InfoPlist.strings;
			sourceTree = "<group>";
		};
		96BB93E61914DB5300C1033C /* Main_iPhone.storyboard */ = {
			isa = PBXVariantGroup;
			children = (
				96BB93E71914DB5300C1033C /* Base */,
			);
			name = Main_iPhone.storyboard;
			sourceTree = "<group>";
		};
		96BB93E91914DB5300C1033C /* Main_iPad.storyboard */ = {
			isa = PBXVariantGroup;
			children = (
				96BB93EA1914DB5300C1033C /* Base */,
			);
			name = Main_iPad.storyboard;
			sourceTree = "<group>";
		};
		96BB93FF1914DB5300C1033C /* InfoPlist.strings */ = {
			isa = PBXVariantGroup;
			children = (
				96BB94001914DB5300C1033C /* en */,
			);
			name = InfoPlist.strings;
			sourceTree = "<group>";
		};
/* End PBXVariantGroup section */

/* Begin XCBuildConfiguration section */
		96BB94041914DB5300C1033C /* Debug */ = {
			isa = XCBuildConfiguration;
			buildSettings = {
				ALWAYS_SEARCH_USER_PATHS = NO;
				ARCHS = "$(ARCHS_STANDARD_INCLUDING_64_BIT)";
				CLANG_CXX_LANGUAGE_STANDARD = "gnu++0x";
				CLANG_CXX_LIBRARY = "libc++";
				CLANG_ENABLE_MODULES = YES;
				CLANG_ENABLE_OBJC_ARC = YES;
				CLANG_WARN_BOOL_CONVERSION = YES;
				CLANG_WARN_CONSTANT_CONVERSION = YES;
				CLANG_WARN_DIRECT_OBJC_ISA_USAGE = YES_ERROR;
				CLANG_WARN_EMPTY_BODY = YES;
				CLANG_WARN_ENUM_CONVERSION = YES;
				CLANG_WARN_INT_CONVERSION = YES;
				CLANG_WARN_OBJC_ROOT_CLASS = YES_ERROR;
				CLANG_WARN__DUPLICATE_METHOD_MATCH = YES;
				"CODE_SIGN_IDENTITY[sdk=iphoneos*]" = "iPhone Developer";
				COPY_PHASE_STRIP = NO;
				GCC_C_LANGUAGE_STANDARD = gnu99;
				GCC_DYNAMIC_NO_PIC = NO;
				GCC_OPTIMIZATION_LEVEL = 0;
				GCC_PREPROCESSOR_DEFINITIONS = (
					"DEBUG=1",
					"$(inherited)",
				);
				GCC_SYMBOLS_PRIVATE_EXTERN = NO;
				GCC_WARN_64_TO_32_BIT_CONVERSION = YES;
				GCC_WARN_ABOUT_RETURN_TYPE = YES_ERROR;
				GCC_WARN_UNDECLARED_SELECTOR = YES;
				GCC_WARN_UNINITIALIZED_AUTOS = YES;
				GCC_WARN_UNUSED_FUNCTION = YES;
				GCC_WARN_UNUSED_VARIABLE = YES;
				IPHONEOS_DEPLOYMENT_TARGET = 7.0;
				ONLY_ACTIVE_ARCH = YES;
				SDKROOT = iphoneos;
				TARGETED_DEVICE_FAMILY = "1,2";
			};
			name = Debug;
		};
		96BB94051914DB5300C1033C /* Release */ = {
			isa = XCBuildConfiguration;
			buildSettings = {
				ALWAYS_SEARCH_USER_PATHS = NO;
				ARCHS = "$(ARCHS_STANDARD_INCLUDING_64_BIT)";
				CLANG_CXX_LANGUAGE_STANDARD = "gnu++0x";
				CLANG_CXX_LIBRARY = "libc++";
				CLANG_ENABLE_MODULES = YES;
				CLANG_ENABLE_OBJC_ARC = YES;
				CLANG_WARN_BOOL_CONVERSION = YES;
				CLANG_WARN_CONSTANT_CONVERSION = YES;
				CLANG_WARN_DIRECT_OBJC_ISA_USAGE = YES_ERROR;
				CLANG_WARN_EMPTY_BODY = YES;
				CLANG_WARN_ENUM_CONVERSION = YES;
				CLANG_WARN_INT_CONVERSION = YES;
				CLANG_WARN_OBJC_ROOT_CLASS = YES_ERROR;
				CLANG_WARN__DUPLICATE_METHOD_MATCH = YES;
				"CODE_SIGN_IDENTITY[sdk=iphoneos*]" = "iPhone Developer";
				COPY_PHASE_STRIP = YES;
				ENABLE_NS_ASSERTIONS = NO;
				GCC_C_LANGUAGE_STANDARD = gnu99;
				GCC_WARN_64_TO_32_BIT_CONVERSION = YES;
				GCC_WARN_ABOUT_RETURN_TYPE = YES_ERROR;
				GCC_WARN_UNDECLARED_SELECTOR = YES;
				GCC_WARN_UNINITIALIZED_AUTOS = YES;
				GCC_WARN_UNUSED_FUNCTION = YES;
				GCC_WARN_UNUSED_VARIABLE = YES;
				IPHONEOS_DEPLOYMENT_TARGET = 7.0;
				SDKROOT = iphoneos;
				TARGETED_DEVICE_FAMILY = "1,2";
				VALIDATE_PRODUCT = YES;
			};
			name = Release;
		};
		96BB94071914DB5300C1033C /* Debug */ = {
			isa = XCBuildConfiguration;
			buildSettings = {
				ASSETCATALOG_COMPILER_APPICON_NAME = AppIcon;
				ASSETCATALOG_COMPILER_LAUNCHIMAGE_NAME = LaunchImage;
				GCC_PRECOMPILE_PREFIX_HEADER = YES;
				GCC_PREFIX_HEADER = "quizzy/quizzy-Prefix.pch";
				INFOPLIST_FILE = "quizzy/quizzy-Info.plist";
				PRODUCT_NAME = "$(TARGET_NAME)";
				WRAPPER_EXTENSION = app;
			};
			name = Debug;
		};
		96BB94081914DB5300C1033C /* Release */ = {
			isa = XCBuildConfiguration;
			buildSettings = {
				ASSETCATALOG_COMPILER_APPICON_NAME = AppIcon;
				ASSETCATALOG_COMPILER_LAUNCHIMAGE_NAME = LaunchImage;
				GCC_PRECOMPILE_PREFIX_HEADER = YES;
				GCC_PREFIX_HEADER = "quizzy/quizzy-Prefix.pch";
				INFOPLIST_FILE = "quizzy/quizzy-Info.plist";
				PRODUCT_NAME = "$(TARGET_NAME)";
				WRAPPER_EXTENSION = app;
			};
			name = Release;
		};
		96BB940A1914DB5300C1033C /* Debug */ = {
			isa = XCBuildConfiguration;
			buildSettings = {
				ARCHS = "$(ARCHS_STANDARD_INCLUDING_64_BIT)";
				BUNDLE_LOADER = "$(BUILT_PRODUCTS_DIR)/quizzy.app/quizzy";
				FRAMEWORK_SEARCH_PATHS = (
					"$(SDKROOT)/Developer/Library/Frameworks",
					"$(inherited)",
					"$(DEVELOPER_FRAMEWORKS_DIR)",
				);
				GCC_PRECOMPILE_PREFIX_HEADER = YES;
				GCC_PREFIX_HEADER = "quizzy/quizzy-Prefix.pch";
				GCC_PREPROCESSOR_DEFINITIONS = (
					"DEBUG=1",
					"$(inherited)",
				);
				INFOPLIST_FILE = "quizzyTests/quizzyTests-Info.plist";
				PRODUCT_NAME = "$(TARGET_NAME)";
				TEST_HOST = "$(BUNDLE_LOADER)";
				WRAPPER_EXTENSION = xctest;
			};
			name = Debug;
		};
		96BB940B1914DB5300C1033C /* Release */ = {
			isa = XCBuildConfiguration;
			buildSettings = {
				ARCHS = "$(ARCHS_STANDARD_INCLUDING_64_BIT)";
				BUNDLE_LOADER = "$(BUILT_PRODUCTS_DIR)/quizzy.app/quizzy";
				FRAMEWORK_SEARCH_PATHS = (
					"$(SDKROOT)/Developer/Library/Frameworks",
					"$(inherited)",
					"$(DEVELOPER_FRAMEWORKS_DIR)",
				);
				GCC_PRECOMPILE_PREFIX_HEADER = YES;
				GCC_PREFIX_HEADER = "quizzy/quizzy-Prefix.pch";
				INFOPLIST_FILE = "quizzyTests/quizzyTests-Info.plist";
				PRODUCT_NAME = "$(TARGET_NAME)";
				TEST_HOST = "$(BUNDLE_LOADER)";
				WRAPPER_EXTENSION = xctest;
			};
			name = Release;
		};
/* End XCBuildConfiguration section */

/* Begin XCConfigurationList section */
		96BB93CC1914DB5300C1033C /* Build configuration list for PBXProject "quizzy" */ = {
			isa = XCConfigurationList;
			buildConfigurations = (
				96BB94041914DB5300C1033C /* Debug */,
				96BB94051914DB5300C1033C /* Release */,
			);
			defaultConfigurationIsVisible = 0;
			defaultConfigurationName = Release;
		};
		96BB94061914DB5300C1033C /* Build configuration list for PBXNativeTarget "quizzy" */ = {
			isa = XCConfigurationList;
			buildConfigurations = (
				96BB94071914DB5300C1033C /* Debug */,
				96BB94081914DB5300C1033C /* Release */,
			);
			defaultConfigurationIsVisible = 0;
			defaultConfigurationName = Release;
		};
		96BB94091914DB5300C1033C /* Build configuration list for PBXNativeTarget "quizzyTests" */ = {
			isa = XCConfigurationList;
			buildConfigurations = (
				96BB940A1914DB5300C1033C /* Debug */,
				96BB940B1914DB5300C1033C /* Release */,
			);
			defaultConfigurationIsVisible = 0;
			defaultConfigurationName = Release;
		};
/* End XCConfigurationList section */
	};
	rootObject = 96BB93C91914DB5300C1033C /* Project object */;
}
